
Microsoft Visual Studio Solution File, Format Version 12.00
# Visual Studio Version 17
VisualStudioVersion = 17.10.34916.146
MinimumVisualStudioVersion = 10.0.40219.1
Project("{9A19103F-16F7-4668-BE54-9A1E7A4F7556}") = "EMedicine.Server", "EMedicine.Server\EMedicine.Server.csproj", "{4839C83D-647F-4742-A374-51CD3F0CA4C3}"
EndProject
Project("{54A90642-561A-4BB1-A94E-469ADEE60C69}") = "emedicine.client", "emedicine.client\emedicine.client.esproj", "{EF9C5465-4A58-464E-BDAD-4F9E81461611}"
EndProject
Global
	GlobalSection(SolutionConfigurationPlatforms) = preSolution
		Debug|Any CPU = Debug|Any CPU
		Release|Any CPU = Release|Any CPU
	EndGlobalSection
	GlobalSection(ProjectConfigurationPlatforms) = postSolution
		{4839C83D-647F-4742-A374-51CD3F0CA4C3}.Debug|Any CPU.ActiveCfg = Debug|Any CPU
		{4839C83D-647F-4742-A374-51CD3F0CA4C3}.Debug|Any CPU.Build.0 = Debug|Any CPU
		{4839C83D-647F-4742-A374-51CD3F0CA4C3}.Release|Any CPU.ActiveCfg = Release|Any CPU
		{4839C83D-647F-4742-A374-51CD3F0CA4C3}.Release|Any CPU.Build.0 = Release|Any CPU
		{EF9C5465-4A58-464E-BDAD-4F9E81461611}.Debug|Any CPU.ActiveCfg = Debug|Any CPU
		{EF9C5465-4A58-464E-BDAD-4F9E81461611}.Debug|Any CPU.Build.0 = Debug|Any CPU
		{EF9C5465-4A58-464E-BDAD-4F9E81461611}.Debug|Any CPU.Deploy.0 = Debug|Any CPU
		{EF9C5465-4A58-464E-BDAD-4F9E81461611}.Release|Any CPU.ActiveCfg = Release|Any CPU
		{EF9C5465-4A58-464E-BDAD-4F9E81461611}.Release|Any CPU.Build.0 = Release|Any CPU
		{EF9C5465-4A58-464E-BDAD-4F9E81461611}.Release|Any CPU.Deploy.0 = Release|Any CPU
	EndGlobalSection
	GlobalSection(SolutionProperties) = preSolution
		HideSolutionNode = FALSE
	EndGlobalSection
	GlobalSection(ExtensibilityGlobals) = postSolution
		SolutionGuid = {7DACF148-4461-430C-8593-A8C090B2C36B}
	EndGlobalSection
EndGlobal
